
Microsoft Visual Studio Solution File, Format Version 12.00
# Visual Studio Version 17
VisualStudioVersion = 17.7.34009.444
MinimumVisualStudioVersion = 10.0.40219.1
Project("{8BC9CEB8-8B4A-11D0-8D11-00A0C91BC942}") = "MFCTest02", "MFCTest02\MFCTest02.vcxproj", "{1FAF68D5-AF9C-4FD0-AE67-67D95F446F34}"
EndProject
Global
	GlobalSection(SolutionConfigurationPlatforms) = preSolution
		Debug|x64 = Debug|x64
		Debug|x86 = Debug|x86
		Release|x64 = Release|x64
		Release|x86 = Release|x86
	EndGlobalSection
	GlobalSection(ProjectConfigurationPlatforms) = postSolution
		{1FAF68D5-AF9C-4FD0-AE67-67D95F446F34}.Debug|x64.ActiveCfg = Debug|x64
		{1FAF68D5-AF9C-4FD0-AE67-67D95F446F34}.Debug|x64.Build.0 = Debug|x64
		{1FAF68D5-AF9C-4FD0-AE67-67D95F446F34}.Debug|x86.ActiveCfg = Debug|Win32
		{1FAF68D5-AF9C-4FD0-AE67-67D95F446F34}.Debug|x86.Build.0 = Debug|Win32
		{1FAF68D5-AF9C-4FD0-AE67-67D95F446F34}.Release|x64.ActiveCfg = Release|x64
		{1FAF68D5-AF9C-4FD0-AE67-67D95F446F34}.Release|x64.Build.0 = Release|x64
		{1FAF68D5-AF9C-4FD0-AE67-67D95F446F34}.Release|x86.ActiveCfg = Release|Win32
		{1FAF68D5-AF9C-4FD0-AE67-67D95F446F34}.Release|x86.Build.0 = Release|Win32
	EndGlobalSection
	GlobalSection(SolutionProperties) = preSolution
		HideSolutionNode = FALSE
	EndGlobalSection
	GlobalSection(ExtensibilityGlobals) = postSolution
		SolutionGuid = {00B0EC0A-D34D-4F5A-A5C1-FFB2AD828928}
	EndGlobalSection
EndGlobal
